
Microsoft Visual Studio Solution File, Format Version 12.00
# Visual Studio 15
VisualStudioVersion = 15.0.27130.2036
MinimumVisualStudioVersion = 10.0.40219.1
Project("{9A19103F-16F7-4668-BE54-9A1E7A4F7556}") = "WhoIsThere", "WhoIsThere\WhoIsThere.csproj", "{48899734-AE37-4C3A-BA48-CE83D72A7C53}"
EndProject
Project("{FAE04EC0-301F-11D3-BF4B-00C04F79EFBC}") = "WhoIsThere.Tests", "WhoIsThere.Tests\WhoIsThere.Tests.csproj", "{D7765345-FDA3-4711-A320-9735A8EDF167}"
EndProject
Global
	GlobalSection(SolutionConfigurationPlatforms) = preSolution
		Debug|Any CPU = Debug|Any CPU
		Release|Any CPU = Release|Any CPU
	EndGlobalSection
	GlobalSection(ProjectConfigurationPlatforms) = postSolution
		{48899734-AE37-4C3A-BA48-CE83D72A7C53}.Debug|Any CPU.ActiveCfg = Debug|Any CPU
		{48899734-AE37-4C3A-BA48-CE83D72A7C53}.Debug|Any CPU.Build.0 = Debug|Any CPU
		{48899734-AE37-4C3A-BA48-CE83D72A7C53}.Release|Any CPU.ActiveCfg = Release|Any CPU
		{48899734-AE37-4C3A-BA48-CE83D72A7C53}.Release|Any CPU.Build.0 = Release|Any CPU
		{D7765345-FDA3-4711-A320-9735A8EDF167}.Debug|Any CPU.ActiveCfg = Debug|Any CPU
		{D7765345-FDA3-4711-A320-9735A8EDF167}.Debug|Any CPU.Build.0 = Debug|Any CPU
		{D7765345-FDA3-4711-A320-9735A8EDF167}.Release|Any CPU.ActiveCfg = Release|Any CPU
		{D7765345-FDA3-4711-A320-9735A8EDF167}.Release|Any CPU.Build.0 = Release|Any CPU
	EndGlobalSection
	GlobalSection(SolutionProperties) = preSolution
		HideSolutionNode = FALSE
	EndGlobalSection
	GlobalSection(ExtensibilityGlobals) = postSolution
		SolutionGuid = {51171FCF-3BA9-4510-8199-E508D14E8454}
	EndGlobalSection
EndGlobal
